
Microsoft Visual Studio Solution File, Format Version 12.00
# Visual Studio 15
VisualStudioVersion = 15.0.26403.3
MinimumVisualStudioVersion = 10.0.40219.1
Project("{FAE04EC0-301F-11D3-BF4B-00C04F79EFBC}") = "Ex03.ConsoleUI", "Ex03.ConsoleUI\Ex03.ConsoleUI.csproj", "{1962EB51-CB8F-4BAF-BFD0-7A692BFEA088}"
EndProject
Project("{FAE04EC0-301F-11D3-BF4B-00C04F79EFBC}") = "Ex03.GarageLogic", "Ex03.GarageLogic\Ex03.GarageLogic.csproj", "{22C4A28F-2274-4F12-8D5D-AB188BB6EB8E}"
EndProject
Project("{2150E333-8FDC-42A3-9474-1A3956D46DE8}") = "Solution Items", "Solution Items", "{1C67A772-8065-439C-9598-A05479B94327}"
	ProjectSection(SolutionItems) = preProject
		..\..\..\..\Desktop\B17 Ex03 David 307894857 Sigal 305280968.docx = ..\..\..\..\Desktop\B17 Ex03 David 307894857 Sigal 305280968.docx
		B17 Ex03.txt = B17 Ex03.txt
	EndProjectSection
EndProject
Global
	GlobalSection(SolutionConfigurationPlatforms) = preSolution
		Debug|Any CPU = Debug|Any CPU
		Release|Any CPU = Release|Any CPU
	EndGlobalSection
	GlobalSection(ProjectConfigurationPlatforms) = postSolution
		{1962EB51-CB8F-4BAF-BFD0-7A692BFEA088}.Debug|Any CPU.ActiveCfg = Debug|Any CPU
		{1962EB51-CB8F-4BAF-BFD0-7A692BFEA088}.Debug|Any CPU.Build.0 = Debug|Any CPU
		{1962EB51-CB8F-4BAF-BFD0-7A692BFEA088}.Release|Any CPU.ActiveCfg = Release|Any CPU
		{1962EB51-CB8F-4BAF-BFD0-7A692BFEA088}.Release|Any CPU.Build.0 = Release|Any CPU
		{22C4A28F-2274-4F12-8D5D-AB188BB6EB8E}.Debug|Any CPU.ActiveCfg = Debug|Any CPU
		{22C4A28F-2274-4F12-8D5D-AB188BB6EB8E}.Debug|Any CPU.Build.0 = Debug|Any CPU
		{22C4A28F-2274-4F12-8D5D-AB188BB6EB8E}.Release|Any CPU.ActiveCfg = Release|Any CPU
		{22C4A28F-2274-4F12-8D5D-AB188BB6EB8E}.Release|Any CPU.Build.0 = Release|Any CPU
	EndGlobalSection
	GlobalSection(SolutionProperties) = preSolution
		HideSolutionNode = FALSE
	EndGlobalSection
EndGlobal
